{
    "_readme": [
        "This file locks the dependencies of your project to a known state",
        "Read more about it at https://getcomposer.org/doc/01-basic-usage.md#installing-dependencies",
        "This file is @generated automatically"
    ],
    "content-hash": "021d65f9a157aa2557466694836df161",
    "packages": [
        {
            "name": "phpdevcommunity/relational-query",
            "version": "1.0.0",
            "source": {
                "type": "git",
                "url": "https://github.com/phpdevcommunity/relational-query.git",
                "reference": "2800820689d34731333cb943dfcbf53c93b6e8ef"
            },
            "dist": {
                "type": "zip",
                "url": "https://api.github.com/repos/phpdevcommunity/relational-query/zipball/2800820689d34731333cb943dfcbf53c93b6e8ef",
                "reference": "2800820689d34731333cb943dfcbf53c93b6e8ef",
                "shasum": ""
            },
            "require": {
                "ext-pdo": "*",
                "php": ">=7.4"
            },
            "require-dev": {
                "phpdevcommunity/unitester": "^0.1.0@alpha"
            },
            "type": "library",
            "autoload": {
                "psr-4": {
                    "PhpDevCommunity\\Sql\\": "src",
                    "Test\\PhpDevCommunity\\Sql\\": "tests"
                }
            },
            "notification-url": "https://packagist.org/downloads/",
            "license": [
                "MIT"
            ],
            "authors": [
                {
                    "name": "F. Michel",
                    "homepage": "https://www.phpdevcommunity.com"
                }
            ],
            "description": "A lightweight PHP query builder with built-in relational query support. Easily build complex SQL queries and fetch results as arrays.",
            "support": {
                "issues": "https://github.com/phpdevcommunity/relational-query/issues",
                "source": "https://github.com/phpdevcommunity/relational-query/tree/1.0.0"
            },
            "time": "2025-01-05T20:43:58+00:00"
        }
    ],
    "packages-dev": [
        {
            "name": "phpdevcommunity/unitester",
            "version": "0.1.1-alpha",
            "source": {
                "type": "git",
                "url": "https://github.com/phpdevcommunity/unitester.git",
                "reference": "43c73736d2bfbf1a38569003c98ececbe69592fd"
            },
            "dist": {
                "type": "zip",
                "url": "https://api.github.com/repos/phpdevcommunity/unitester/zipball/43c73736d2bfbf1a38569003c98ececbe69592fd",
                "reference": "43c73736d2bfbf1a38569003c98ececbe69592fd",
                "shasum": ""
            },
            "require": {
                "ext-mbstring": "*",
                "php": ">=7.4",
                "psr/container": "^2.0"
            },
            "bin": [
                "bin/unitester"
            ],
            "type": "library",
            "autoload": {
                "files": [
                    "src/assert.php"
                ],
                "psr-4": {
                    "PhpDevCommunity\\UniTester\\": "src",
                    "Test\\PhpDevCommunity\\UniTester\\": "tests"
                }
            },
            "notification-url": "https://packagist.org/downloads/",
            "license": [
                "MIT"
            ],
            "authors": [
                {
                    "name": "F. Michel",
                    "homepage": "https://www.phpdevcommunity.com"
                }
            ],
            "support": {
                "issues": "https://github.com/phpdevcommunity/unitester/issues",
                "source": "https://github.com/phpdevcommunity/unitester/tree/0.1.1-alpha"
            },
            "time": "2024-10-07T08:25:12+00:00"
        },
        {
            "name": "psr/container",
            "version": "2.0.2",
            "source": {
                "type": "git",
                "url": "https://github.com/php-fig/container.git",
                "reference": "c71ecc56dfe541dbd90c5360474fbc405f8d5963"
            },
            "dist": {
                "type": "zip",
                "url": "https://api.github.com/repos/php-fig/container/zipball/c71ecc56dfe541dbd90c5360474fbc405f8d5963",
                "reference": "c71ecc56dfe541dbd90c5360474fbc405f8d5963",
                "shasum": ""
            },
            "require": {
                "php": ">=7.4.0"
            },
            "type": "library",
            "extra": {
                "branch-alias": {
                    "dev-master": "2.0.x-dev"
                }
            },
            "autoload": {
                "psr-4": {
                    "Psr\\Container\\": "src/"
                }
            },
            "notification-url": "https://packagist.org/downloads/",
            "license": [
                "MIT"
            ],
            "authors": [
                {
                    "name": "PHP-FIG",
                    "homepage": "https://www.php-fig.org/"
                }
            ],
            "description": "Common Container Interface (PHP FIG PSR-11)",
            "homepage": "https://github.com/php-fig/container",
            "keywords": [
                "PSR-11",
                "container",
                "container-interface",
                "container-interop",
                "psr"
            ],
            "support": {
                "issues": "https://github.com/php-fig/container/issues",
                "source": "https://github.com/php-fig/container/tree/2.0.2"
            },
            "time": "2021-11-05T16:47:00+00:00"
        }
    ],
    "aliases": [],
    "minimum-stability": "stable",
    "stability-flags": {
        "phpdevcommunity/unitester": 15
    },
    "prefer-stable": false,
    "prefer-lowest": false,
    "platform": {
        "php": ">=7.4",
        "ext-pdo": "*",
        "ext-json": "*",
        "ext-ctype": "*"
    },
    "platform-dev": [],
    "plugin-api-version": "2.3.0"
}
